
Microsoft Visual Studio Solution File, Format Version 12.00
Project("{FAE04EC0-301F-11D3-BF4B-00C04F79EFBC}") = "Jabba.Ai.Generation.Handlers.Implementations", "Jabba.Ai.Generation.Handlers.Implementations\Jabba.Ai.Generation.Handlers.Implementations.csproj", "{50623635-334D-4552-8488-8DBD46894117}"
EndProject
Project("{FAE04EC0-301F-11D3-BF4B-00C04F79EFBC}") = "Jabba.Ai.Generation.Services.Abstractions", "Jabba.Ai.Generation.Services.Abstractions\Jabba.Ai.Generation.Services.Abstractions.csproj", "{07E1998B-CAF4-4366-B552-CE173CB08823}"
EndProject
Project("{FAE04EC0-301F-11D3-BF4B-00C04F79EFBC}") = "Jabba.Ai.Generation.Domain", "Jabba.Ai.Generation.Domain\Jabba.Ai.Generation.Domain.csproj", "{25CF1214-FE4E-4796-BEF9-AB10E13AE516}"
EndProject
Project("{FAE04EC0-301F-11D3-BF4B-00C04F79EFBC}") = "Jabba.Ai.Generation.TaskProviders.Abstractions", "Jabba.Ai.Generation.TaskProviders.Abstractions\Jabba.Ai.Generation.TaskProviders.Abstractions.csproj", "{C518AB11-2481-4FA3-BE2B-00192A3EC471}"
EndProject
Project("{FAE04EC0-301F-11D3-BF4B-00C04F79EFBC}") = "Jabba.Ai.Generation.TaskProviders.Implementations", "Jabba.Ai.Generation.TaskProviders.Implementations\Jabba.Ai.Generation.TaskProviders.Implementations.csproj", "{81CF3E50-E75E-471F-8154-5F691DD59016}"
EndProject
Project("{FAE04EC0-301F-11D3-BF4B-00C04F79EFBC}") = "Jabba.Ai.Generation.Services.Implementations", "Jabba.Ai.Generation.Services.Implementations\Jabba.Ai.Generation.Services.Implementations.csproj", "{FF37BE67-F28E-4D91-842D-FF98E86A44FD}"
EndProject
Project("{FAE04EC0-301F-11D3-BF4B-00C04F79EFBC}") = "Jabba.Ai.Generation.Builders", "Jabba.Ai.Generation.Builders\Jabba.Ai.Generation.Builders.csproj", "{F1486648-9614-4D60-9C00-2F5C89759F15}"
EndProject
Project("{FAE04EC0-301F-11D3-BF4B-00C04F79EFBC}") = "Jabba.Ai.Generation.Setup", "Jabba.Ai.Generation.Setup\Jabba.Ai.Generation.Setup.csproj", "{6020BC72-0D45-44CF-95C4-9B403E9F06A6}"
EndProject
Project("{FAE04EC0-301F-11D3-BF4B-00C04F79EFBC}") = "Jabba.Ai.Generation.Common", "Jabba.Ai.Generation.Common\Jabba.Ai.Generation.Common.csproj", "{A131631E-4541-46B8-8AEC-759EDFBB9DBF}"
EndProject
Project("{FAE04EC0-301F-11D3-BF4B-00C04F79EFBC}") = "Jabba.Ai.Generation", "Jabba.Ai.Generation\Jabba.Ai.Generation.csproj", "{CA7B63CB-88B1-424B-ABE6-2D6D23FD86E9}"
EndProject
Global
	GlobalSection(SolutionConfigurationPlatforms) = preSolution
		Debug|Any CPU = Debug|Any CPU
		Release|Any CPU = Release|Any CPU
	EndGlobalSection
	GlobalSection(ProjectConfigurationPlatforms) = postSolution
		{6F508813-950C-466D-91E7-1AC315658DC7}.Debug|Any CPU.ActiveCfg = Debug|Any CPU
		{6F508813-950C-466D-91E7-1AC315658DC7}.Debug|Any CPU.Build.0 = Debug|Any CPU
		{6F508813-950C-466D-91E7-1AC315658DC7}.Release|Any CPU.ActiveCfg = Release|Any CPU
		{6F508813-950C-466D-91E7-1AC315658DC7}.Release|Any CPU.Build.0 = Release|Any CPU
		{50623635-334D-4552-8488-8DBD46894117}.Debug|Any CPU.ActiveCfg = Debug|Any CPU
		{50623635-334D-4552-8488-8DBD46894117}.Debug|Any CPU.Build.0 = Debug|Any CPU
		{50623635-334D-4552-8488-8DBD46894117}.Release|Any CPU.ActiveCfg = Release|Any CPU
		{50623635-334D-4552-8488-8DBD46894117}.Release|Any CPU.Build.0 = Release|Any CPU
		{07E1998B-CAF4-4366-B552-CE173CB08823}.Debug|Any CPU.ActiveCfg = Debug|Any CPU
		{07E1998B-CAF4-4366-B552-CE173CB08823}.Debug|Any CPU.Build.0 = Debug|Any CPU
		{07E1998B-CAF4-4366-B552-CE173CB08823}.Release|Any CPU.ActiveCfg = Release|Any CPU
		{07E1998B-CAF4-4366-B552-CE173CB08823}.Release|Any CPU.Build.0 = Release|Any CPU
		{25CF1214-FE4E-4796-BEF9-AB10E13AE516}.Debug|Any CPU.ActiveCfg = Debug|Any CPU
		{25CF1214-FE4E-4796-BEF9-AB10E13AE516}.Debug|Any CPU.Build.0 = Debug|Any CPU
		{25CF1214-FE4E-4796-BEF9-AB10E13AE516}.Release|Any CPU.ActiveCfg = Release|Any CPU
		{25CF1214-FE4E-4796-BEF9-AB10E13AE516}.Release|Any CPU.Build.0 = Release|Any CPU
		{C518AB11-2481-4FA3-BE2B-00192A3EC471}.Debug|Any CPU.ActiveCfg = Debug|Any CPU
		{C518AB11-2481-4FA3-BE2B-00192A3EC471}.Debug|Any CPU.Build.0 = Debug|Any CPU
		{C518AB11-2481-4FA3-BE2B-00192A3EC471}.Release|Any CPU.ActiveCfg = Release|Any CPU
		{C518AB11-2481-4FA3-BE2B-00192A3EC471}.Release|Any CPU.Build.0 = Release|Any CPU
		{81CF3E50-E75E-471F-8154-5F691DD59016}.Debug|Any CPU.ActiveCfg = Debug|Any CPU
		{81CF3E50-E75E-471F-8154-5F691DD59016}.Debug|Any CPU.Build.0 = Debug|Any CPU
		{81CF3E50-E75E-471F-8154-5F691DD59016}.Release|Any CPU.ActiveCfg = Release|Any CPU
		{81CF3E50-E75E-471F-8154-5F691DD59016}.Release|Any CPU.Build.0 = Release|Any CPU
		{FF37BE67-F28E-4D91-842D-FF98E86A44FD}.Debug|Any CPU.ActiveCfg = Debug|Any CPU
		{FF37BE67-F28E-4D91-842D-FF98E86A44FD}.Debug|Any CPU.Build.0 = Debug|Any CPU
		{FF37BE67-F28E-4D91-842D-FF98E86A44FD}.Release|Any CPU.ActiveCfg = Release|Any CPU
		{FF37BE67-F28E-4D91-842D-FF98E86A44FD}.Release|Any CPU.Build.0 = Release|Any CPU
		{F1486648-9614-4D60-9C00-2F5C89759F15}.Debug|Any CPU.ActiveCfg = Debug|Any CPU
		{F1486648-9614-4D60-9C00-2F5C89759F15}.Debug|Any CPU.Build.0 = Debug|Any CPU
		{F1486648-9614-4D60-9C00-2F5C89759F15}.Release|Any CPU.ActiveCfg = Release|Any CPU
		{F1486648-9614-4D60-9C00-2F5C89759F15}.Release|Any CPU.Build.0 = Release|Any CPU
		{6020BC72-0D45-44CF-95C4-9B403E9F06A6}.Debug|Any CPU.ActiveCfg = Debug|Any CPU
		{6020BC72-0D45-44CF-95C4-9B403E9F06A6}.Debug|Any CPU.Build.0 = Debug|Any CPU
		{6020BC72-0D45-44CF-95C4-9B403E9F06A6}.Release|Any CPU.ActiveCfg = Release|Any CPU
		{6020BC72-0D45-44CF-95C4-9B403E9F06A6}.Release|Any CPU.Build.0 = Release|Any CPU
		{A131631E-4541-46B8-8AEC-759EDFBB9DBF}.Debug|Any CPU.ActiveCfg = Debug|Any CPU
		{A131631E-4541-46B8-8AEC-759EDFBB9DBF}.Debug|Any CPU.Build.0 = Debug|Any CPU
		{A131631E-4541-46B8-8AEC-759EDFBB9DBF}.Release|Any CPU.ActiveCfg = Release|Any CPU
		{A131631E-4541-46B8-8AEC-759EDFBB9DBF}.Release|Any CPU.Build.0 = Release|Any CPU
		{CA7B63CB-88B1-424B-ABE6-2D6D23FD86E9}.Debug|Any CPU.ActiveCfg = Debug|Any CPU
		{CA7B63CB-88B1-424B-ABE6-2D6D23FD86E9}.Debug|Any CPU.Build.0 = Debug|Any CPU
		{CA7B63CB-88B1-424B-ABE6-2D6D23FD86E9}.Release|Any CPU.ActiveCfg = Release|Any CPU
		{CA7B63CB-88B1-424B-ABE6-2D6D23FD86E9}.Release|Any CPU.Build.0 = Release|Any CPU
	EndGlobalSection
	GlobalSection(NestedProjects) = preSolution
	EndGlobalSection
EndGlobal
