
Microsoft Visual Studio Solution File, Format Version 12.00
Project("{FAE04EC0-301F-11D3-BF4B-00C04F79EFBC}") = "Startup", "Startup\Startup.csproj", "{BDE48D98-8E9E-4659-A162-FC855E69E9D5}"
EndProject
Project("{2150E333-8FDC-42A3-9474-1A3956D46DE8}") = "Imports", "Imports", "{254B1429-55F3-412F-AABB-A830C5E2D5F7}"
EndProject
Project("{2150E333-8FDC-42A3-9474-1A3956D46DE8}") = "Jabba", "Jabba", "{1C70575F-8BE3-4EFD-A2EA-D40E06408F36}"
EndProject
Project("{FAE04EC0-301F-11D3-BF4B-00C04F79EFBC}") = "Jabba.Complex.LongOperations.Implementations", "..\Utilities\Jabba.Complex.LongOperations.Implementations\Jabba.Complex.LongOperations.Implementations.csproj", "{3A9AD800-F9A6-464D-8C2A-9F7C1C6C14C8}"
EndProject
Project("{FAE04EC0-301F-11D3-BF4B-00C04F79EFBC}") = "Sume.Generation.Handlers.Implementations", "Sume.Generation.Handlers.Implementations\Sume.Generation.Handlers.Implementations.csproj", "{50623635-334D-4552-8488-8DBD46894117}"
EndProject
Project("{2150E333-8FDC-42A3-9474-1A3956D46DE8}") = "Sume", "Sume", "{B87C9C68-4697-4D00-AAA5-10BC86E2DDF3}"
EndProject
Project("{FAE04EC0-301F-11D3-BF4B-00C04F79EFBC}") = "Sume.Common.Domain", "..\Sume\Sume.Common.Domain\Sume.Common.Domain.csproj", "{40FC0F5A-E54D-4B1E-ADB3-823851AEE07A}"
EndProject
Project("{FAE04EC0-301F-11D3-BF4B-00C04F79EFBC}") = "Sume.Generation.Services.Abstractions", "Sume.Generation.Services.Abstractions\Sume.Generation.Services.Abstractions.csproj", "{07E1998B-CAF4-4366-B552-CE173CB08823}"
EndProject
Project("{FAE04EC0-301F-11D3-BF4B-00C04F79EFBC}") = "Sume.Generation.Domain", "Sume.Generation.Domain\Sume.Generation.Domain.csproj", "{25CF1214-FE4E-4796-BEF9-AB10E13AE516}"
EndProject
Project("{FAE04EC0-301F-11D3-BF4B-00C04F79EFBC}") = "Sume.Generation.TaskProviders.Abstractions", "Sume.Generation.TaskProviders.Abstractions\Sume.Generation.TaskProviders.Abstractions.csproj", "{C518AB11-2481-4FA3-BE2B-00192A3EC471}"
EndProject
Project("{FAE04EC0-301F-11D3-BF4B-00C04F79EFBC}") = "Sume.Generation.TaskProviders.Implementations", "Sume.Generation.TaskProviders.Implementations\Sume.Generation.TaskProviders.Implementations.csproj", "{81CF3E50-E75E-471F-8154-5F691DD59016}"
EndProject
Project("{FAE04EC0-301F-11D3-BF4B-00C04F79EFBC}") = "Sume.Generation.Services.Implementations", "Sume.Generation.Services.Implementations\Sume.Generation.Services.Implementations.csproj", "{FF37BE67-F28E-4D91-842D-FF98E86A44FD}"
EndProject
Project("{FAE04EC0-301F-11D3-BF4B-00C04F79EFBC}") = "Sume.Generation.Builders", "Sume.Generation.Builders\Sume.Generation.Builders.csproj", "{F1486648-9614-4D60-9C00-2F5C89759F15}"
EndProject
Project("{FAE04EC0-301F-11D3-BF4B-00C04F79EFBC}") = "Sume.Generation.Setup", "Sume.Generation.Setup\Sume.Generation.Setup.csproj", "{6020BC72-0D45-44CF-95C4-9B403E9F06A6}"
EndProject
Project("{FAE04EC0-301F-11D3-BF4B-00C04F79EFBC}") = "Sume.Common.Configs", "..\Sume\Sume.Common.Configs\Sume.Common.Configs.csproj", "{0D032ACA-435F-4647-9A95-D50D7F894993}"
EndProject
Project("{FAE04EC0-301F-11D3-BF4B-00C04F79EFBC}") = "Sume.Generation.Common", "Sume.Generation.Common\Sume.Generation.Common.csproj", "{A131631E-4541-46B8-8AEC-759EDFBB9DBF}"
EndProject
Project("{FAE04EC0-301F-11D3-BF4B-00C04F79EFBC}") = "Jabba.Complex.LongOperations.Abstractions", "..\Utilities\Jabba.Complex.LongOperations.Abstractions\Jabba.Complex.LongOperations.Abstractions.csproj", "{153156A6-ACC9-4E47-9CAB-741C7A451989}"
EndProject
Global
	GlobalSection(SolutionConfigurationPlatforms) = preSolution
		Debug|Any CPU = Debug|Any CPU
		Release|Any CPU = Release|Any CPU
	EndGlobalSection
	GlobalSection(ProjectConfigurationPlatforms) = postSolution
		{BDE48D98-8E9E-4659-A162-FC855E69E9D5}.Debug|Any CPU.ActiveCfg = Debug|Any CPU
		{BDE48D98-8E9E-4659-A162-FC855E69E9D5}.Debug|Any CPU.Build.0 = Debug|Any CPU
		{BDE48D98-8E9E-4659-A162-FC855E69E9D5}.Release|Any CPU.ActiveCfg = Release|Any CPU
		{BDE48D98-8E9E-4659-A162-FC855E69E9D5}.Release|Any CPU.Build.0 = Release|Any CPU
		{3A9AD800-F9A6-464D-8C2A-9F7C1C6C14C8}.Debug|Any CPU.ActiveCfg = Debug|Any CPU
		{3A9AD800-F9A6-464D-8C2A-9F7C1C6C14C8}.Debug|Any CPU.Build.0 = Debug|Any CPU
		{3A9AD800-F9A6-464D-8C2A-9F7C1C6C14C8}.Release|Any CPU.ActiveCfg = Release|Any CPU
		{3A9AD800-F9A6-464D-8C2A-9F7C1C6C14C8}.Release|Any CPU.Build.0 = Release|Any CPU
		{6F508813-950C-466D-91E7-1AC315658DC7}.Debug|Any CPU.ActiveCfg = Debug|Any CPU
		{6F508813-950C-466D-91E7-1AC315658DC7}.Debug|Any CPU.Build.0 = Debug|Any CPU
		{6F508813-950C-466D-91E7-1AC315658DC7}.Release|Any CPU.ActiveCfg = Release|Any CPU
		{6F508813-950C-466D-91E7-1AC315658DC7}.Release|Any CPU.Build.0 = Release|Any CPU
		{50623635-334D-4552-8488-8DBD46894117}.Debug|Any CPU.ActiveCfg = Debug|Any CPU
		{50623635-334D-4552-8488-8DBD46894117}.Debug|Any CPU.Build.0 = Debug|Any CPU
		{50623635-334D-4552-8488-8DBD46894117}.Release|Any CPU.ActiveCfg = Release|Any CPU
		{50623635-334D-4552-8488-8DBD46894117}.Release|Any CPU.Build.0 = Release|Any CPU
		{40FC0F5A-E54D-4B1E-ADB3-823851AEE07A}.Debug|Any CPU.ActiveCfg = Debug|Any CPU
		{40FC0F5A-E54D-4B1E-ADB3-823851AEE07A}.Debug|Any CPU.Build.0 = Debug|Any CPU
		{40FC0F5A-E54D-4B1E-ADB3-823851AEE07A}.Release|Any CPU.ActiveCfg = Release|Any CPU
		{40FC0F5A-E54D-4B1E-ADB3-823851AEE07A}.Release|Any CPU.Build.0 = Release|Any CPU
		{07E1998B-CAF4-4366-B552-CE173CB08823}.Debug|Any CPU.ActiveCfg = Debug|Any CPU
		{07E1998B-CAF4-4366-B552-CE173CB08823}.Debug|Any CPU.Build.0 = Debug|Any CPU
		{07E1998B-CAF4-4366-B552-CE173CB08823}.Release|Any CPU.ActiveCfg = Release|Any CPU
		{07E1998B-CAF4-4366-B552-CE173CB08823}.Release|Any CPU.Build.0 = Release|Any CPU
		{25CF1214-FE4E-4796-BEF9-AB10E13AE516}.Debug|Any CPU.ActiveCfg = Debug|Any CPU
		{25CF1214-FE4E-4796-BEF9-AB10E13AE516}.Debug|Any CPU.Build.0 = Debug|Any CPU
		{25CF1214-FE4E-4796-BEF9-AB10E13AE516}.Release|Any CPU.ActiveCfg = Release|Any CPU
		{25CF1214-FE4E-4796-BEF9-AB10E13AE516}.Release|Any CPU.Build.0 = Release|Any CPU
		{C518AB11-2481-4FA3-BE2B-00192A3EC471}.Debug|Any CPU.ActiveCfg = Debug|Any CPU
		{C518AB11-2481-4FA3-BE2B-00192A3EC471}.Debug|Any CPU.Build.0 = Debug|Any CPU
		{C518AB11-2481-4FA3-BE2B-00192A3EC471}.Release|Any CPU.ActiveCfg = Release|Any CPU
		{C518AB11-2481-4FA3-BE2B-00192A3EC471}.Release|Any CPU.Build.0 = Release|Any CPU
		{81CF3E50-E75E-471F-8154-5F691DD59016}.Debug|Any CPU.ActiveCfg = Debug|Any CPU
		{81CF3E50-E75E-471F-8154-5F691DD59016}.Debug|Any CPU.Build.0 = Debug|Any CPU
		{81CF3E50-E75E-471F-8154-5F691DD59016}.Release|Any CPU.ActiveCfg = Release|Any CPU
		{81CF3E50-E75E-471F-8154-5F691DD59016}.Release|Any CPU.Build.0 = Release|Any CPU
		{FF37BE67-F28E-4D91-842D-FF98E86A44FD}.Debug|Any CPU.ActiveCfg = Debug|Any CPU
		{FF37BE67-F28E-4D91-842D-FF98E86A44FD}.Debug|Any CPU.Build.0 = Debug|Any CPU
		{FF37BE67-F28E-4D91-842D-FF98E86A44FD}.Release|Any CPU.ActiveCfg = Release|Any CPU
		{FF37BE67-F28E-4D91-842D-FF98E86A44FD}.Release|Any CPU.Build.0 = Release|Any CPU
		{F1486648-9614-4D60-9C00-2F5C89759F15}.Debug|Any CPU.ActiveCfg = Debug|Any CPU
		{F1486648-9614-4D60-9C00-2F5C89759F15}.Debug|Any CPU.Build.0 = Debug|Any CPU
		{F1486648-9614-4D60-9C00-2F5C89759F15}.Release|Any CPU.ActiveCfg = Release|Any CPU
		{F1486648-9614-4D60-9C00-2F5C89759F15}.Release|Any CPU.Build.0 = Release|Any CPU
		{6020BC72-0D45-44CF-95C4-9B403E9F06A6}.Debug|Any CPU.ActiveCfg = Debug|Any CPU
		{6020BC72-0D45-44CF-95C4-9B403E9F06A6}.Debug|Any CPU.Build.0 = Debug|Any CPU
		{6020BC72-0D45-44CF-95C4-9B403E9F06A6}.Release|Any CPU.ActiveCfg = Release|Any CPU
		{6020BC72-0D45-44CF-95C4-9B403E9F06A6}.Release|Any CPU.Build.0 = Release|Any CPU
		{0D032ACA-435F-4647-9A95-D50D7F894993}.Debug|Any CPU.ActiveCfg = Debug|Any CPU
		{0D032ACA-435F-4647-9A95-D50D7F894993}.Debug|Any CPU.Build.0 = Debug|Any CPU
		{0D032ACA-435F-4647-9A95-D50D7F894993}.Release|Any CPU.ActiveCfg = Release|Any CPU
		{0D032ACA-435F-4647-9A95-D50D7F894993}.Release|Any CPU.Build.0 = Release|Any CPU
		{A131631E-4541-46B8-8AEC-759EDFBB9DBF}.Debug|Any CPU.ActiveCfg = Debug|Any CPU
		{A131631E-4541-46B8-8AEC-759EDFBB9DBF}.Debug|Any CPU.Build.0 = Debug|Any CPU
		{A131631E-4541-46B8-8AEC-759EDFBB9DBF}.Release|Any CPU.ActiveCfg = Release|Any CPU
		{A131631E-4541-46B8-8AEC-759EDFBB9DBF}.Release|Any CPU.Build.0 = Release|Any CPU
		{153156A6-ACC9-4E47-9CAB-741C7A451989}.Debug|Any CPU.ActiveCfg = Debug|Any CPU
		{153156A6-ACC9-4E47-9CAB-741C7A451989}.Debug|Any CPU.Build.0 = Debug|Any CPU
		{153156A6-ACC9-4E47-9CAB-741C7A451989}.Release|Any CPU.ActiveCfg = Release|Any CPU
		{153156A6-ACC9-4E47-9CAB-741C7A451989}.Release|Any CPU.Build.0 = Release|Any CPU
	EndGlobalSection
	GlobalSection(NestedProjects) = preSolution
		{1C70575F-8BE3-4EFD-A2EA-D40E06408F36} = {254B1429-55F3-412F-AABB-A830C5E2D5F7}
		{3A9AD800-F9A6-464D-8C2A-9F7C1C6C14C8} = {1C70575F-8BE3-4EFD-A2EA-D40E06408F36}
		{6F508813-950C-466D-91E7-1AC315658DC7} = {1C70575F-8BE3-4EFD-A2EA-D40E06408F36}
		{B87C9C68-4697-4D00-AAA5-10BC86E2DDF3} = {254B1429-55F3-412F-AABB-A830C5E2D5F7}
		{40FC0F5A-E54D-4B1E-ADB3-823851AEE07A} = {B87C9C68-4697-4D00-AAA5-10BC86E2DDF3}
		{0D032ACA-435F-4647-9A95-D50D7F894993} = {B87C9C68-4697-4D00-AAA5-10BC86E2DDF3}
		{153156A6-ACC9-4E47-9CAB-741C7A451989} = {1C70575F-8BE3-4EFD-A2EA-D40E06408F36}
	EndGlobalSection
EndGlobal
